
Microsoft Visual Studio Solution File, Format Version 12.00
# Visual Studio Version 17
VisualStudioVersion = 17.6.33829.357
MinimumVisualStudioVersion = 10.0.40219.1
Project("{FAE04EC0-301F-11D3-BF4B-00C04F79EFBC}") = "KanyeWest_erik", "KanyeWest_erik\KanyeWest_erik.csproj", "{1EE4DD1D-0A78-427F-8D28-B874F7997B72}"
EndProject
Global
	GlobalSection(SolutionConfigurationPlatforms) = preSolution
		Debug|Any CPU = Debug|Any CPU
		Release|Any CPU = Release|Any CPU
	EndGlobalSection
	GlobalSection(ProjectConfigurationPlatforms) = postSolution
		{1EE4DD1D-0A78-427F-8D28-B874F7997B72}.Debug|Any CPU.ActiveCfg = Debug|Any CPU
		{1EE4DD1D-0A78-427F-8D28-B874F7997B72}.Debug|Any CPU.Build.0 = Debug|Any CPU
		{1EE4DD1D-0A78-427F-8D28-B874F7997B72}.Release|Any CPU.ActiveCfg = Release|Any CPU
		{1EE4DD1D-0A78-427F-8D28-B874F7997B72}.Release|Any CPU.Build.0 = Release|Any CPU
	EndGlobalSection
	GlobalSection(SolutionProperties) = preSolution
		HideSolutionNode = FALSE
	EndGlobalSection
	GlobalSection(ExtensibilityGlobals) = postSolution
		SolutionGuid = {3C5F0AA0-85FA-46E6-AF24-DF527470A71C}
	EndGlobalSection
EndGlobal
